
Microsoft Visual Studio Solution File, Format Version 12.00
# Visual Studio Version 17
VisualStudioVersion = 17.11.35431.28
MinimumVisualStudioVersion = 10.0.40219.1
Project("{FAE04EC0-301F-11D3-BF4B-00C04F79EFBC}") = "LayoutElement", "LayoutElement\LayoutElement.csproj", "{9DE29B0C-1E81-4330-9DB6-47A7ACCE3EE2}"
EndProject
Global
	GlobalSection(SolutionConfigurationPlatforms) = preSolution
		Debug|Any CPU = Debug|Any CPU
		Release|Any CPU = Release|Any CPU
	EndGlobalSection
	GlobalSection(ProjectConfigurationPlatforms) = postSolution
		{9DE29B0C-1E81-4330-9DB6-47A7ACCE3EE2}.Debug|Any CPU.ActiveCfg = Debug|Any CPU
		{9DE29B0C-1E81-4330-9DB6-47A7ACCE3EE2}.Debug|Any CPU.Build.0 = Debug|Any CPU
		{9DE29B0C-1E81-4330-9DB6-47A7ACCE3EE2}.Debug|Any CPU.Deploy.0 = Debug|Any CPU
		{9DE29B0C-1E81-4330-9DB6-47A7ACCE3EE2}.Release|Any CPU.ActiveCfg = Release|Any CPU
		{9DE29B0C-1E81-4330-9DB6-47A7ACCE3EE2}.Release|Any CPU.Build.0 = Release|Any CPU
		{9DE29B0C-1E81-4330-9DB6-47A7ACCE3EE2}.Release|Any CPU.Deploy.0 = Release|Any CPU
	EndGlobalSection
	GlobalSection(SolutionProperties) = preSolution
		HideSolutionNode = FALSE
	EndGlobalSection
	GlobalSection(ExtensibilityGlobals) = postSolution
		SolutionGuid = {7E193B1B-A5D1-42F2-88FA-877379CEAC0B}
	EndGlobalSection
EndGlobal
